{
  "name": "stigma",
  "version": "1.0.0",
  "lockfileVersion": 1,
  "requires": true,
  "dependencies": {
    "@types/webfontloader": {
      "version": "1.6.32",
      "resolved": "https://registry.npmjs.org/@types/webfontloader/-/webfontloader-1.6.32.tgz",
      "integrity": "sha512-l83V/2iHvBTIlKUM1+UlabS/Jd65HVfKmqS+zPhwDlgldPtd5ujPDt0Y1es19xLWcN8NC3wwSTd71Qxbst+Kpw=="
    },
    "webfontloader": {
      "version": "1.6.28",
      "resolved": "https://registry.npmjs.org/webfontloader/-/webfontloader-1.6.28.tgz",
      "integrity": "sha1-23hhKSU8tujq5UwvsF+HCvZnW64="
    }
  }
}
